// !$*UTF8*$!
{
	archiveVersion = 1;
	classes = {
	};
	objectVersion = 54;
	objects = {

/* Begin PBXBuildFile section */
		0080172AEEE75A739E1205F9 /* PlaybackSettingsView.swift in Sources */ = {isa = PBXBuildFile; fileRef = F6421C1EC9E972F083A61A2F /* PlaybackSettingsView.swift */; };
		0106D17F88290B33A01C259E /* AppTheme+Shadow.swift in Sources */ = {isa = PBXBuildFile; fileRef = 0E4BF953F452DAEF1E3E1160 /* AppTheme+Shadow.swift */; };
		01178DB7E0DBE979AD04A86B /* Logger.swift in Sources */ = {isa = PBXBuildFile; fileRef = 7DD44240952F17949D8EC289 /* Logger.swift */; };
		0124E7B2778562102865A131 /* OnboardingPages.swift in Sources */ = {isa = PBXBuildFile; fileRef = 632F47D2DA4A877F540A994D /* OnboardingPages.swift */; };
		068E0C04F3E343591764118F /* KeychainStore.swift in Sources */ = {isa = PBXBuildFile; fileRef = B6E187E7E4FE934557780313 /* KeychainStore.swift */; };
		0C58F11CCAF7185AF477F9E1 /* OnboardingView+Handlers.swift in Sources */ = {isa = PBXBuildFile; fileRef = 1022735D81A300A75D40D42A /* OnboardingView+Handlers.swift */; };
		0C910988E74D121CFEE8BDB2 /* NostrConversationDetailView.swift in Sources */ = {isa = PBXBuildFile; fileRef = 8DF7B9E857FB87107ADD871C /* NostrConversationDetailView.swift */; };
		0FEA1A584ECEAE67505F9020 /* DataStorageSettingsView.swift in Sources */ = {isa = PBXBuildFile; fileRef = 571E9939943B6ACB968681C0 /* DataStorageSettingsView.swift */; };
		11A8E64A8D2F49CB8ED5C0F4 /* BYOKModels.swift in Sources */ = {isa = PBXBuildFile; fileRef = DAE649E7C0335D5A31B1E3C1 /* BYOKModels.swift */; };
		1B5B6FC7E11A186E0CAA93D0 /* AgentChatView.swift in Sources */ = {isa = PBXBuildFile; fileRef = 59CB754C3F2A73783CF37933 /* AgentChatView.swift */; };
		1B7E6385630CA9E64AAA45DA /* Config.swift in Sources */ = {isa = PBXBuildFile; fileRef = 4FA555689E22AF4B65558BA5 /* Config.swift */; };
		1BA1861E6ABBE635059BE950 /* SubscriptionsListView.swift in Sources */ = {isa = PBXBuildFile; fileRef = 0358522F8F9255D686D0227F /* SubscriptionsListView.swift */; };
		1D1990E3ABA0D31F3D07FA2F /* PlayerView.swift in Sources */ = {isa = PBXBuildFile; fileRef = 55690D39AD27CC24D2A94863 /* PlayerView.swift */; };
		1E542D370BB18177EC23A972 /* MiniPlayerView.swift in Sources */ = {isa = PBXBuildFile; fileRef = 82802B69B579199F46DC496D /* MiniPlayerView.swift */; };
		1F05C73D74907B51AECEF5C9 /* AllEpisodesView.swift in Sources */ = {isa = PBXBuildFile; fileRef = B4146E2F2243776EF761E843 /* AllEpisodesView.swift */; };
		219AC1D08ED00A3D6F0C18F6 /* OnboardingView.swift in Sources */ = {isa = PBXBuildFile; fileRef = 61A02127EEF08F1B2473C565 /* OnboardingView.swift */; };
		23D34091BCBBA4716F7A7583 /* AgentNotesView.swift in Sources */ = {isa = PBXBuildFile; fileRef = BD08579C6A156A5A819813D7 /* AgentNotesView.swift */; };
		248A8A4DCF3439619222E5E7 /* ShowDetailSettingsSheet.swift in Sources */ = {isa = PBXBuildFile; fileRef = 03A10048B918E2D402323983 /* ShowDetailSettingsSheet.swift */; };
		258173D3824BDC33DD614971 /* ElevenLabsCredentialStore.swift in Sources */ = {isa = PBXBuildFile; fileRef = 6D018F8098E7FDC1CBE6C439 /* ElevenLabsCredentialStore.swift */; };
		29319321E31462FC52E77871 /* VoiceView.swift in Sources */ = {isa = PBXBuildFile; fileRef = 25B643C7198D451110ACACC6 /* VoiceView.swift */; };
		2A3BBD9F9E167AEE34BDF80E /* OnboardingLayout.swift in Sources */ = {isa = PBXBuildFile; fileRef = A13939FAEBB65EEAE2E69C82 /* OnboardingLayout.swift */; };
		2AB8477ACEBB38D947C6FBF1 /* StringExtensions.swift in Sources */ = {isa = PBXBuildFile; fileRef = EC0DC57AE069F5238AFCE1EC /* StringExtensions.swift */; };
		3368AF8F5595DE67A1C1807A /* StatBadge.swift in Sources */ = {isa = PBXBuildFile; fileRef = 315003CB424A5E6D3960C614 /* StatBadge.swift */; };
		33CB6E9E707FF0DC4287C6E1 /* OnboardingStep.swift in Sources */ = {isa = PBXBuildFile; fileRef = 2ACA1B96B9D5835C7276CC0D /* OnboardingStep.swift */; };
		34C98F5762CCF307B298D6F4 /* Assets.xcassets in Resources */ = {isa = PBXBuildFile; fileRef = FA2ABCA4F6F51BD5EB8D4A49 /* Assets.xcassets */; };
		39CD98D0DD1A16F1764E956E /* WikiSettingsView.swift in Sources */ = {isa = PBXBuildFile; fileRef = 56CC903F5FE97624C9DC3CBF /* WikiSettingsView.swift */; };
		44518868248D88D5E8C9B916 /* KingfisherConfiguration.swift in Sources */ = {isa = PBXBuildFile; fileRef = 155D5ED3D590C4FA4CF7A832 /* KingfisherConfiguration.swift */; };
		45534A63C082DD0EA922694F /* IdentityAvatarView.swift in Sources */ = {isa = PBXBuildFile; fileRef = C187CB046B989EC30B7F214C /* IdentityAvatarView.swift */; };
		4C31B1E76510C5185E69152F /* EpisodeRow.swift in Sources */ = {isa = PBXBuildFile; fileRef = ECC16D2B8BC769911999D9F4 /* EpisodeRow.swift */; };
		4C5C96D07F61F220CCC50474 /* AppTheme.swift in Sources */ = {isa = PBXBuildFile; fileRef = 6799E4EE97688AA89E4A0870 /* AppTheme.swift */; };
		520126C548FD16062CE529CF /* SettingsView.swift in Sources */ = {isa = PBXBuildFile; fileRef = A8ACFCA515591CFEE1D3C67D /* SettingsView.swift */; };
		537C0FEE5451BBF1D187B9D0 /* AppTheme+Colors.swift in Sources */ = {isa = PBXBuildFile; fileRef = 16940D7AF4E7F68EB2C5CA1D /* AppTheme+Colors.swift */; };
		658F5E5F84296C4B2DA569E5 /* ShakeDetector.swift in Sources */ = {isa = PBXBuildFile; fileRef = 37E27D5F2623BDE9ADF1D696 /* ShakeDetector.swift */; };
		65A244E3D666F816C389933C /* TranscriptsSettingsView.swift in Sources */ = {isa = PBXBuildFile; fileRef = 902F007DFB98B0D43B020842 /* TranscriptsSettingsView.swift */; };
		6755C9250E6597549B1CD4F3 /* PodcastSearchView.swift in Sources */ = {isa = PBXBuildFile; fileRef = EC04571BB689BE7953C7C32B /* PodcastSearchView.swift */; };
		6C331A8E674C151A7B1C43FF /* OnboardingWelcomePage.swift in Sources */ = {isa = PBXBuildFile; fileRef = ED357B1995EAAC2A4E5F6B59 /* OnboardingWelcomePage.swift */; };
		7947AA426B21103CF05A0AF1 /* DownloadsManagerModels.swift in Sources */ = {isa = PBXBuildFile; fileRef = 6DE855F2EA141CDBEE8F4727 /* DownloadsManagerModels.swift */; };
		7A1618CE60982EC8BAE8E6AD /* NoteListRow.swift in Sources */ = {isa = PBXBuildFile; fileRef = 6C32A04D456E621CE8E59CBA /* NoteListRow.swift */; };
		7A37550E1CA0472B9110A5AF /* BYOKConnectService.swift in Sources */ = {isa = PBXBuildFile; fileRef = 1FE6AE9A4DD31735347BDF02 /* BYOKConnectService.swift */; };
		7DC5A4510B3DF2AD82E5E267 /* Haptics.swift in Sources */ = {isa = PBXBuildFile; fileRef = 0202D78D930BF0C203E999F9 /* Haptics.swift */; };
		80015EB3B2DB482AF2E6B612 /* AppSidebarView.swift in Sources */ = {isa = PBXBuildFile; fileRef = 521D133619A94A196985B970 /* AppSidebarView.swift */; };
		803DB8C81851B53F932BFC05 /* EpisodeDetailLink.swift in Sources */ = {isa = PBXBuildFile; fileRef = 39D4F118A0C66DBBA42DFF5D /* EpisodeDetailLink.swift */; };
		83A8F185EBA8CAC461475EAA /* PerplexityCredentialStore.swift in Sources */ = {isa = PBXBuildFile; fileRef = AC200FE80D14FE0F8124FDEA /* PerplexityCredentialStore.swift */; };
		83C4D2C3376A77F8C07C3642 /* KeyboardToolbar.swift in Sources */ = {isa = PBXBuildFile; fileRef = 93DF71E784D4B6F5F411609A /* KeyboardToolbar.swift */; };
		83DE2D4292568C110C7B2B8D /* OllamaCredentialStore.swift in Sources */ = {isa = PBXBuildFile; fileRef = FFC2CECDA5D9A72F0283F31F /* OllamaCredentialStore.swift */; };
		84C59271E36255D7C80AB876 /* DataExportView.swift in Sources */ = {isa = PBXBuildFile; fileRef = 1A3353061BB68E260C8A874F /* DataExportView.swift */; };
		86C23A6B70DC29E3F3A61FBA /* HomeView.swift in Sources */ = {isa = PBXBuildFile; fileRef = E236184580E23C559FF1C686 /* HomeView.swift */; };
		887941516C059D37AC2A059D /* OnboardingSubscribePage.swift in Sources */ = {isa = PBXBuildFile; fileRef = CCC132EC9F0EC31C6578608F /* OnboardingSubscribePage.swift */; };
		8B964028125E5754A0915E91 /* StorageSettingsView.swift in Sources */ = {isa = PBXBuildFile; fileRef = B3028D21CF6737DB47A2AC41 /* StorageSettingsView.swift */; };
		8DC566567EDE1B0DA2ADF01D /* ModeBadge.swift in Sources */ = {isa = PBXBuildFile; fileRef = 2FB221F5D807F0A46515D37B /* ModeBadge.swift */; };
		8F3E68010C9EAF181815D569 /* NostrConversationsToolbarItem.swift in Sources */ = {isa = PBXBuildFile; fileRef = 49B7E26594D501DADD98BC96 /* NostrConversationsToolbarItem.swift */; };
		92CF9824330041FE04BE1BB4 /* AppDelegate.swift in Sources */ = {isa = PBXBuildFile; fileRef = 1CD0CAF5023535BE0DE9F093 /* AppDelegate.swift */; };
		9575EB88561FBB88F8B45576 /* Settings.swift in Sources */ = {isa = PBXBuildFile; fileRef = 36F475D240D9B55AF07219A2 /* Settings.swift */; };
		9A0302F2D08D4A02429367FE /* SettingsRow.swift in Sources */ = {isa = PBXBuildFile; fileRef = 3647EAE9232A09505BD71611 /* SettingsRow.swift */; };
		9A5320D51B2A3C89A7883E03 /* ScreenshotAnnotationView.swift in Sources */ = {isa = PBXBuildFile; fileRef = 5ABB233FF40ED546481C8DD0 /* ScreenshotAnnotationView.swift */; };
		9D48A671CD3F1936396EA76A /* DataExport.swift in Sources */ = {isa = PBXBuildFile; fileRef = 6BD4526F63A3AF0D64757A0B /* DataExport.swift */; };
		A0C8378C5651F2170C6F746E /* LibraryGridCell.swift in Sources */ = {isa = PBXBuildFile; fileRef = 8C2AA911C953E2865C439960 /* LibraryGridCell.swift */; };
		A1EC5A28116EBE1908CF48A2 /* ShareSheet.swift in Sources */ = {isa = PBXBuildFile; fileRef = 91C0D6DA90EECE55A1770658 /* ShareSheet.swift */; };
		A275710C9A8CA0037D814D70 /* EpisodeRowSwipeActions.swift in Sources */ = {isa = PBXBuildFile; fileRef = 118796C04B5ED1992ECEF74A /* EpisodeRowSwipeActions.swift */; };
		A643119C524EDF89C75978C0 /* IdentitySettingsRow.swift in Sources */ = {isa = PBXBuildFile; fileRef = B5CA599E6BC702B0EF434BB3 /* IdentitySettingsRow.swift */; };
		A66CE88B4F92899706AD8D6C /* ShowDetailView.swift in Sources */ = {isa = PBXBuildFile; fileRef = 0806345590BD719742095D51 /* ShowDetailView.swift */; };
		A75E75893D93B900D316801A /* GlassSurface.swift in Sources */ = {isa = PBXBuildFile; fileRef = 157F19DFB2AE115794B89C37 /* GlassSurface.swift */; };
		AA72F6CC8D5E58B42202B41A /* EpisodeDetailView.swift in Sources */ = {isa = PBXBuildFile; fileRef = 77336FF046FF93523DADDE2D /* EpisodeDetailView.swift */; };
		AF7810A38704BDBC561B5C2D /* RootView+DeepLink.swift in Sources */ = {isa = PBXBuildFile; fileRef = C1F5D7F016EDADBB260EF036 /* RootView+DeepLink.swift */; };
		AF818A20F446794213157758 /* OnboardingElevenLabsPage.swift in Sources */ = {isa = PBXBuildFile; fileRef = CA99FEA8F1EAAB6C751C0DE4 /* OnboardingElevenLabsPage.swift */; };
		B1F57A9B7571BAF389E1548E /* PodcastApp.swift in Sources */ = {isa = PBXBuildFile; fileRef = EDEE76F2A4733886BE9D4A08 /* PodcastApp.swift */; };
		B269D210E52E3C01ABAB3E17 /* KernelBridge.swift in Sources */ = {isa = PBXBuildFile; fileRef = B9CC99FF5896FB2B1EDCE1B2 /* KernelBridge.swift */; };
		B4735E6D51D336686E2A81CA /* AppTheme+Animation.swift in Sources */ = {isa = PBXBuildFile; fileRef = 8C260BC53D1CFD43DFB18D0C /* AppTheme+Animation.swift */; };
		B566835492376B368B4701BB /* LiquidGlassSegmentedPicker.swift in Sources */ = {isa = PBXBuildFile; fileRef = A934B81D9EDBF07286BC3620 /* LiquidGlassSegmentedPicker.swift */; };
		BA1F96DE6385E1A6D327225C /* CategoriesRecomputeSheet.swift in Sources */ = {isa = PBXBuildFile; fileRef = 0920B22568C445F40D9A0CE1 /* CategoriesRecomputeSheet.swift */; };
		BB47E4D226CE7DBAD18B86A1 /* KernelModel.swift in Sources */ = {isa = PBXBuildFile; fileRef = 6FA6EF075CA5E72E63B4786E /* KernelModel.swift */; };
		BE2CA8DD31140EC400153117 /* Settings+Embeddings.swift in Sources */ = {isa = PBXBuildFile; fileRef = 8F4CB4916B0910C7B3CBE8A2 /* Settings+Embeddings.swift */; };
		BEED796D0D43501B0490DFB6 /* DateExtensions.swift in Sources */ = {isa = PBXBuildFile; fileRef = CB7AC3AAF2E3FC3BC95CC925 /* DateExtensions.swift */; };
		C12F69D6C02F48C9573FB275 /* BYOKCredentialImporter.swift in Sources */ = {isa = PBXBuildFile; fileRef = C46D69B8D3B19D131F1A74C9 /* BYOKCredentialImporter.swift */; };
		C1D4263FEC307BD863A84055 /* ShowDetailEpisodeList.swift in Sources */ = {isa = PBXBuildFile; fileRef = 4AF4482A8A34C1C3554EB988 /* ShowDetailEpisodeList.swift */; };
		C1EC97449A656BD39ABEC428 /* ClippingsView.swift in Sources */ = {isa = PBXBuildFile; fileRef = E9E03353CEFE261FF8A2CDC4 /* ClippingsView.swift */; };
		C3062FA0087760466705C0CA /* RevealableAPIKeyField.swift in Sources */ = {isa = PBXBuildFile; fileRef = 77DE1B492367E1D5029FB5E3 /* RevealableAPIKeyField.swift */; };
		C4572E8686F8CC99DA3819B8 /* CachedAsyncImage.swift in Sources */ = {isa = PBXBuildFile; fileRef = 7938D8691892120A40D2CB1F /* CachedAsyncImage.swift */; };
		C62D7612478FEEC02EC4B704 /* OPMLExport.swift in Sources */ = {isa = PBXBuildFile; fileRef = C7EC18E7CF63B2DE685AF386 /* OPMLExport.swift */; };
		D08B6354BB9D54EA333C6658 /* OnboardingReadyPage.swift in Sources */ = {isa = PBXBuildFile; fileRef = C3E030AFFA2B6EBAD72D3E98 /* OnboardingReadyPage.swift */; };
		D212D061616CC1E60A5B6FFC /* AppLogger.swift in Sources */ = {isa = PBXBuildFile; fileRef = 4BB411528890B70F46F72A69 /* AppLogger.swift */; };
		D2ED1AF52E49CBFA0C27633F /* NotificationSettingsView.swift in Sources */ = {isa = PBXBuildFile; fileRef = 686244FF9C4BDDD489568356 /* NotificationSettingsView.swift */; };
		D4F4CDC29A451D3E4AB90365 /* ErrorPresentation.swift in Sources */ = {isa = PBXBuildFile; fileRef = 61D12987460FEF25AD4171BF /* ErrorPresentation.swift */; };
		D5F15ABCF153A2280DF93489 /* AppTheme+Typography.swift in Sources */ = {isa = PBXBuildFile; fileRef = 615DBCA6CCB387B9341F2224 /* AppTheme+Typography.swift */; };
		D95C3C8CD890B8838A02DAE4 /* AsyncButton.swift in Sources */ = {isa = PBXBuildFile; fileRef = 3BC1C83034B3997DF3E2EEFD /* AsyncButton.swift */; };
		DC7BFCAE46284DEC62CDC9EF /* PlayerNavSheets.swift in Sources */ = {isa = PBXBuildFile; fileRef = 827844F211D6631CB10F926D /* PlayerNavSheets.swift */; };
		DDEAD6019AAE7BA983FC96B3 /* SettingsSystemSection.swift in Sources */ = {isa = PBXBuildFile; fileRef = 911E625D3162FA5BA57C35F1 /* SettingsSystemSection.swift */; };
		E1F17E1B9E15D020D89C3DB0 /* WikiView.swift in Sources */ = {isa = PBXBuildFile; fileRef = 89D7C5C5C2E476AD14E3517D /* WikiView.swift */; };
		E4DAC869A663AD95FEBEA943 /* HighlightedText.swift in Sources */ = {isa = PBXBuildFile; fileRef = 077B7D61DB5F33095EC34562 /* HighlightedText.swift */; };
		E528CA386A98A6E89B52A1AD /* RootView.swift in Sources */ = {isa = PBXBuildFile; fileRef = EC6AEDC78EAC523E11744EAF /* RootView.swift */; };
		E7DAAFA94CE07A22D958DECA /* OnboardingAISetupPage.swift in Sources */ = {isa = PBXBuildFile; fileRef = 339A23B5ED19C824B4B48C0A /* OnboardingAISetupPage.swift */; };
		E81B0D82A7A40FD2F347EE3C /* UUIDExtensions.swift in Sources */ = {isa = PBXBuildFile; fileRef = 1E0DE3B0AFA26914B63F2733 /* UUIDExtensions.swift */; };
		E8ACF197F19077E5E627AC28 /* RootView+Setup.swift in Sources */ = {isa = PBXBuildFile; fileRef = BFD61E9B072512DE389F9F1C /* RootView+Setup.swift */; };
		E9D3B26D3740F05391E86DA9 /* DownloadsManagerView.swift in Sources */ = {isa = PBXBuildFile; fileRef = 1D608AED20BCE8329613365D /* DownloadsManagerView.swift */; };
		EDBAE94E6597DE0E1A78ADCF /* PressableStyle.swift in Sources */ = {isa = PBXBuildFile; fileRef = 14FAA9803F7042B6A1689950 /* PressableStyle.swift */; };
		EEC7A93EABC1C33A7CE81F3E /* NumberExtensions.swift in Sources */ = {isa = PBXBuildFile; fileRef = 59A5614BA6DCB30B892E784B /* NumberExtensions.swift */; };
		EFC2807864F1BC7D93F55929 /* PodcastrShims.swift in Sources */ = {isa = PBXBuildFile; fileRef = 6C527E86870FC31E8E9E457D /* PodcastrShims.swift */; };
		F133FB71199C955720210989 /* OnboardingIdentityPage.swift in Sources */ = {isa = PBXBuildFile; fileRef = ACDE013705E22C325667FD1B /* OnboardingIdentityPage.swift */; };
		F1E52F6260CA2435BA020849 /* EpisodeRowContextMenu.swift in Sources */ = {isa = PBXBuildFile; fileRef = B0E3D076A3C478D5EAE5A2B8 /* EpisodeRowContextMenu.swift */; };
		F34A67061A489E6A94ED614F /* OpenRouterCredentialStore.swift in Sources */ = {isa = PBXBuildFile; fileRef = 09A355026C2C5A81286D13CB /* OpenRouterCredentialStore.swift */; };
		F4B8FAC156AC4A86D0E1AFC5 /* AddShowSheet.swift in Sources */ = {isa = PBXBuildFile; fileRef = 43B31B84288B261F207F559F /* AddShowSheet.swift */; };
		F4D715812C00AF09CF08338F /* LLMProvider.swift in Sources */ = {isa = PBXBuildFile; fileRef = AF4B10F72CADB6E687C4BCDF /* LLMProvider.swift */; };
		F6B6FABA2B636B5644B8E6F9 /* EditTextSheet.swift in Sources */ = {isa = PBXBuildFile; fileRef = 75F0BA8E3AE97D83E0AD6EFF /* EditTextSheet.swift */; };
		F6CCCAF79D1A278CA7A8BBBF /* BookmarksView.swift in Sources */ = {isa = PBXBuildFile; fileRef = ED658BAF80F9639DBFD9DE29 /* BookmarksView.swift */; };
		F7694401940ED5EDDBE10784 /* DownloadsManagerRows.swift in Sources */ = {isa = PBXBuildFile; fileRef = 31A8A9DFD2FADD6EE096B331 /* DownloadsManagerRows.swift */; };
		F85B39A7A158FCEC5B365463 /* AgentMemoriesView.swift in Sources */ = {isa = PBXBuildFile; fileRef = 27D5D660B9FB3C2FB54F7F09 /* AgentMemoriesView.swift */; };
		FA97268E4CF300130B98BE9A /* AssemblyAICredentialStore.swift in Sources */ = {isa = PBXBuildFile; fileRef = AF9652A5A9F567EB67DC7F8D /* AssemblyAICredentialStore.swift */; };
		FB63CA94EB88CEEFB22DBC68 /* AppTheme+ViewExtensions.swift in Sources */ = {isa = PBXBuildFile; fileRef = DC8EDBB99DDD719D3297C5DE /* AppTheme+ViewExtensions.swift */; };
		FDD15B72BD36904E053BBD74 /* ShowDetailHeader.swift in Sources */ = {isa = PBXBuildFile; fileRef = A2128043E628F5C468AAA79F /* ShowDetailHeader.swift */; };
/* End PBXBuildFile section */

/* Begin PBXFileReference section */
		0202D78D930BF0C203E999F9 /* Haptics.swift */ = {isa = PBXFileReference; lastKnownFileType = sourcecode.swift; path = Haptics.swift; sourceTree = "<group>"; };
		0358522F8F9255D686D0227F /* SubscriptionsListView.swift */ = {isa = PBXFileReference; lastKnownFileType = sourcecode.swift; path = SubscriptionsListView.swift; sourceTree = "<group>"; };
		03A10048B918E2D402323983 /* ShowDetailSettingsSheet.swift */ = {isa = PBXFileReference; lastKnownFileType = sourcecode.swift; path = ShowDetailSettingsSheet.swift; sourceTree = "<group>"; };
		077B7D61DB5F33095EC34562 /* HighlightedText.swift */ = {isa = PBXFileReference; lastKnownFileType = sourcecode.swift; path = HighlightedText.swift; sourceTree = "<group>"; };
		0806345590BD719742095D51 /* ShowDetailView.swift */ = {isa = PBXFileReference; lastKnownFileType = sourcecode.swift; path = ShowDetailView.swift; sourceTree = "<group>"; };
		0920B22568C445F40D9A0CE1 /* CategoriesRecomputeSheet.swift */ = {isa = PBXFileReference; lastKnownFileType = sourcecode.swift; path = CategoriesRecomputeSheet.swift; sourceTree = "<group>"; };
		09A355026C2C5A81286D13CB /* OpenRouterCredentialStore.swift */ = {isa = PBXFileReference; lastKnownFileType = sourcecode.swift; path = OpenRouterCredentialStore.swift; sourceTree = "<group>"; };
		0E4BF953F452DAEF1E3E1160 /* AppTheme+Shadow.swift */ = {isa = PBXFileReference; lastKnownFileType = sourcecode.swift; path = "AppTheme+Shadow.swift"; sourceTree = "<group>"; };
		1022735D81A300A75D40D42A /* OnboardingView+Handlers.swift */ = {isa = PBXFileReference; lastKnownFileType = sourcecode.swift; path = "OnboardingView+Handlers.swift"; sourceTree = "<group>"; };
		118796C04B5ED1992ECEF74A /* EpisodeRowSwipeActions.swift */ = {isa = PBXFileReference; lastKnownFileType = sourcecode.swift; path = EpisodeRowSwipeActions.swift; sourceTree = "<group>"; };
		14FAA9803F7042B6A1689950 /* PressableStyle.swift */ = {isa = PBXFileReference; lastKnownFileType = sourcecode.swift; path = PressableStyle.swift; sourceTree = "<group>"; };
		155D5ED3D590C4FA4CF7A832 /* KingfisherConfiguration.swift */ = {isa = PBXFileReference; lastKnownFileType = sourcecode.swift; path = KingfisherConfiguration.swift; sourceTree = "<group>"; };
		157F19DFB2AE115794B89C37 /* GlassSurface.swift */ = {isa = PBXFileReference; lastKnownFileType = sourcecode.swift; path = GlassSurface.swift; sourceTree = "<group>"; };
		16940D7AF4E7F68EB2C5CA1D /* AppTheme+Colors.swift */ = {isa = PBXFileReference; lastKnownFileType = sourcecode.swift; path = "AppTheme+Colors.swift"; sourceTree = "<group>"; };
		1A3353061BB68E260C8A874F /* DataExportView.swift */ = {isa = PBXFileReference; lastKnownFileType = sourcecode.swift; path = DataExportView.swift; sourceTree = "<group>"; };
		1CD0CAF5023535BE0DE9F093 /* AppDelegate.swift */ = {isa = PBXFileReference; lastKnownFileType = sourcecode.swift; path = AppDelegate.swift; sourceTree = "<group>"; };
		1D608AED20BCE8329613365D /* DownloadsManagerView.swift */ = {isa = PBXFileReference; lastKnownFileType = sourcecode.swift; path = DownloadsManagerView.swift; sourceTree = "<group>"; };
		1E0DE3B0AFA26914B63F2733 /* UUIDExtensions.swift */ = {isa = PBXFileReference; lastKnownFileType = sourcecode.swift; path = UUIDExtensions.swift; sourceTree = "<group>"; };
		1FE6AE9A4DD31735347BDF02 /* BYOKConnectService.swift */ = {isa = PBXFileReference; lastKnownFileType = sourcecode.swift; path = BYOKConnectService.swift; sourceTree = "<group>"; };
		25B643C7198D451110ACACC6 /* VoiceView.swift */ = {isa = PBXFileReference; lastKnownFileType = sourcecode.swift; path = VoiceView.swift; sourceTree = "<group>"; };
		27D5D660B9FB3C2FB54F7F09 /* AgentMemoriesView.swift */ = {isa = PBXFileReference; lastKnownFileType = sourcecode.swift; path = AgentMemoriesView.swift; sourceTree = "<group>"; };
		2ACA1B96B9D5835C7276CC0D /* OnboardingStep.swift */ = {isa = PBXFileReference; lastKnownFileType = sourcecode.swift; path = OnboardingStep.swift; sourceTree = "<group>"; };
		2FB221F5D807F0A46515D37B /* ModeBadge.swift */ = {isa = PBXFileReference; lastKnownFileType = sourcecode.swift; path = ModeBadge.swift; sourceTree = "<group>"; };
		315003CB424A5E6D3960C614 /* StatBadge.swift */ = {isa = PBXFileReference; lastKnownFileType = sourcecode.swift; path = StatBadge.swift; sourceTree = "<group>"; };
		31A8A9DFD2FADD6EE096B331 /* DownloadsManagerRows.swift */ = {isa = PBXFileReference; lastKnownFileType = sourcecode.swift; path = DownloadsManagerRows.swift; sourceTree = "<group>"; };
		339A23B5ED19C824B4B48C0A /* OnboardingAISetupPage.swift */ = {isa = PBXFileReference; lastKnownFileType = sourcecode.swift; path = OnboardingAISetupPage.swift; sourceTree = "<group>"; };
		3647EAE9232A09505BD71611 /* SettingsRow.swift */ = {isa = PBXFileReference; lastKnownFileType = sourcecode.swift; path = SettingsRow.swift; sourceTree = "<group>"; };
		36F475D240D9B55AF07219A2 /* Settings.swift */ = {isa = PBXFileReference; lastKnownFileType = sourcecode.swift; path = Settings.swift; sourceTree = "<group>"; };
		37E27D5F2623BDE9ADF1D696 /* ShakeDetector.swift */ = {isa = PBXFileReference; lastKnownFileType = sourcecode.swift; path = ShakeDetector.swift; sourceTree = "<group>"; };
		39D4F118A0C66DBBA42DFF5D /* EpisodeDetailLink.swift */ = {isa = PBXFileReference; lastKnownFileType = sourcecode.swift; path = EpisodeDetailLink.swift; sourceTree = "<group>"; };
		3BC1C83034B3997DF3E2EEFD /* AsyncButton.swift */ = {isa = PBXFileReference; lastKnownFileType = sourcecode.swift; path = AsyncButton.swift; sourceTree = "<group>"; };
		43B31B84288B261F207F559F /* AddShowSheet.swift */ = {isa = PBXFileReference; lastKnownFileType = sourcecode.swift; path = AddShowSheet.swift; sourceTree = "<group>"; };
		49B7E26594D501DADD98BC96 /* NostrConversationsToolbarItem.swift */ = {isa = PBXFileReference; lastKnownFileType = sourcecode.swift; path = NostrConversationsToolbarItem.swift; sourceTree = "<group>"; };
		4AF4482A8A34C1C3554EB988 /* ShowDetailEpisodeList.swift */ = {isa = PBXFileReference; lastKnownFileType = sourcecode.swift; path = ShowDetailEpisodeList.swift; sourceTree = "<group>"; };
		4BB411528890B70F46F72A69 /* AppLogger.swift */ = {isa = PBXFileReference; lastKnownFileType = sourcecode.swift; path = AppLogger.swift; sourceTree = "<group>"; };
		4FA555689E22AF4B65558BA5 /* Config.swift */ = {isa = PBXFileReference; lastKnownFileType = sourcecode.swift; path = Config.swift; sourceTree = "<group>"; };
		521D133619A94A196985B970 /* AppSidebarView.swift */ = {isa = PBXFileReference; lastKnownFileType = sourcecode.swift; path = AppSidebarView.swift; sourceTree = "<group>"; };
		55690D39AD27CC24D2A94863 /* PlayerView.swift */ = {isa = PBXFileReference; lastKnownFileType = sourcecode.swift; path = PlayerView.swift; sourceTree = "<group>"; };
		56CC903F5FE97624C9DC3CBF /* WikiSettingsView.swift */ = {isa = PBXFileReference; lastKnownFileType = sourcecode.swift; path = WikiSettingsView.swift; sourceTree = "<group>"; };
		571E9939943B6ACB968681C0 /* DataStorageSettingsView.swift */ = {isa = PBXFileReference; lastKnownFileType = sourcecode.swift; path = DataStorageSettingsView.swift; sourceTree = "<group>"; };
		59A5614BA6DCB30B892E784B /* NumberExtensions.swift */ = {isa = PBXFileReference; lastKnownFileType = sourcecode.swift; path = NumberExtensions.swift; sourceTree = "<group>"; };
		59CB754C3F2A73783CF37933 /* AgentChatView.swift */ = {isa = PBXFileReference; lastKnownFileType = sourcecode.swift; path = AgentChatView.swift; sourceTree = "<group>"; };
		5ABB233FF40ED546481C8DD0 /* ScreenshotAnnotationView.swift */ = {isa = PBXFileReference; lastKnownFileType = sourcecode.swift; path = ScreenshotAnnotationView.swift; sourceTree = "<group>"; };
		615DBCA6CCB387B9341F2224 /* AppTheme+Typography.swift */ = {isa = PBXFileReference; lastKnownFileType = sourcecode.swift; path = "AppTheme+Typography.swift"; sourceTree = "<group>"; };
		61A02127EEF08F1B2473C565 /* OnboardingView.swift */ = {isa = PBXFileReference; lastKnownFileType = sourcecode.swift; path = OnboardingView.swift; sourceTree = "<group>"; };
		61D12987460FEF25AD4171BF /* ErrorPresentation.swift */ = {isa = PBXFileReference; lastKnownFileType = sourcecode.swift; path = ErrorPresentation.swift; sourceTree = "<group>"; };
		632F47D2DA4A877F540A994D /* OnboardingPages.swift */ = {isa = PBXFileReference; lastKnownFileType = sourcecode.swift; path = OnboardingPages.swift; sourceTree = "<group>"; };
		6799E4EE97688AA89E4A0870 /* AppTheme.swift */ = {isa = PBXFileReference; lastKnownFileType = sourcecode.swift; path = AppTheme.swift; sourceTree = "<group>"; };
		686244FF9C4BDDD489568356 /* NotificationSettingsView.swift */ = {isa = PBXFileReference; lastKnownFileType = sourcecode.swift; path = NotificationSettingsView.swift; sourceTree = "<group>"; };
		6BD4526F63A3AF0D64757A0B /* DataExport.swift */ = {isa = PBXFileReference; lastKnownFileType = sourcecode.swift; path = DataExport.swift; sourceTree = "<group>"; };
		6C32A04D456E621CE8E59CBA /* NoteListRow.swift */ = {isa = PBXFileReference; lastKnownFileType = sourcecode.swift; path = NoteListRow.swift; sourceTree = "<group>"; };
		6C527E86870FC31E8E9E457D /* PodcastrShims.swift */ = {isa = PBXFileReference; lastKnownFileType = sourcecode.swift; path = PodcastrShims.swift; sourceTree = "<group>"; };
		6D018F8098E7FDC1CBE6C439 /* ElevenLabsCredentialStore.swift */ = {isa = PBXFileReference; lastKnownFileType = sourcecode.swift; path = ElevenLabsCredentialStore.swift; sourceTree = "<group>"; };
		6DE855F2EA141CDBEE8F4727 /* DownloadsManagerModels.swift */ = {isa = PBXFileReference; lastKnownFileType = sourcecode.swift; path = DownloadsManagerModels.swift; sourceTree = "<group>"; };
		6FA6EF075CA5E72E63B4786E /* KernelModel.swift */ = {isa = PBXFileReference; lastKnownFileType = sourcecode.swift; path = KernelModel.swift; sourceTree = "<group>"; };
		75F0BA8E3AE97D83E0AD6EFF /* EditTextSheet.swift */ = {isa = PBXFileReference; lastKnownFileType = sourcecode.swift; path = EditTextSheet.swift; sourceTree = "<group>"; };
		77336FF046FF93523DADDE2D /* EpisodeDetailView.swift */ = {isa = PBXFileReference; lastKnownFileType = sourcecode.swift; path = EpisodeDetailView.swift; sourceTree = "<group>"; };
		77DE1B492367E1D5029FB5E3 /* RevealableAPIKeyField.swift */ = {isa = PBXFileReference; lastKnownFileType = sourcecode.swift; path = RevealableAPIKeyField.swift; sourceTree = "<group>"; };
		7938D8691892120A40D2CB1F /* CachedAsyncImage.swift */ = {isa = PBXFileReference; lastKnownFileType = sourcecode.swift; path = CachedAsyncImage.swift; sourceTree = "<group>"; };
		7DD44240952F17949D8EC289 /* Logger.swift */ = {isa = PBXFileReference; lastKnownFileType = sourcecode.swift; path = Logger.swift; sourceTree = "<group>"; };
		827844F211D6631CB10F926D /* PlayerNavSheets.swift */ = {isa = PBXFileReference; lastKnownFileType = sourcecode.swift; path = PlayerNavSheets.swift; sourceTree = "<group>"; };
		82802B69B579199F46DC496D /* MiniPlayerView.swift */ = {isa = PBXFileReference; lastKnownFileType = sourcecode.swift; path = MiniPlayerView.swift; sourceTree = "<group>"; };
		89D7C5C5C2E476AD14E3517D /* WikiView.swift */ = {isa = PBXFileReference; lastKnownFileType = sourcecode.swift; path = WikiView.swift; sourceTree = "<group>"; };
		8C260BC53D1CFD43DFB18D0C /* AppTheme+Animation.swift */ = {isa = PBXFileReference; lastKnownFileType = sourcecode.swift; path = "AppTheme+Animation.swift"; sourceTree = "<group>"; };
		8C2AA911C953E2865C439960 /* LibraryGridCell.swift */ = {isa = PBXFileReference; lastKnownFileType = sourcecode.swift; path = LibraryGridCell.swift; sourceTree = "<group>"; };
		8DF7B9E857FB87107ADD871C /* NostrConversationDetailView.swift */ = {isa = PBXFileReference; lastKnownFileType = sourcecode.swift; path = NostrConversationDetailView.swift; sourceTree = "<group>"; };
		8F4CB4916B0910C7B3CBE8A2 /* Settings+Embeddings.swift */ = {isa = PBXFileReference; lastKnownFileType = sourcecode.swift; path = "Settings+Embeddings.swift"; sourceTree = "<group>"; };
		902F007DFB98B0D43B020842 /* TranscriptsSettingsView.swift */ = {isa = PBXFileReference; lastKnownFileType = sourcecode.swift; path = TranscriptsSettingsView.swift; sourceTree = "<group>"; };
		911E625D3162FA5BA57C35F1 /* SettingsSystemSection.swift */ = {isa = PBXFileReference; lastKnownFileType = sourcecode.swift; path = SettingsSystemSection.swift; sourceTree = "<group>"; };
		91C0D6DA90EECE55A1770658 /* ShareSheet.swift */ = {isa = PBXFileReference; lastKnownFileType = sourcecode.swift; path = ShareSheet.swift; sourceTree = "<group>"; };
		93DF71E784D4B6F5F411609A /* KeyboardToolbar.swift */ = {isa = PBXFileReference; lastKnownFileType = sourcecode.swift; path = KeyboardToolbar.swift; sourceTree = "<group>"; };
		95A965AC0733B576B481FC07 /* NmpCore.h */ = {isa = PBXFileReference; lastKnownFileType = sourcecode.c.h; path = NmpCore.h; sourceTree = "<group>"; };
		A13939FAEBB65EEAE2E69C82 /* OnboardingLayout.swift */ = {isa = PBXFileReference; lastKnownFileType = sourcecode.swift; path = OnboardingLayout.swift; sourceTree = "<group>"; };
		A2128043E628F5C468AAA79F /* ShowDetailHeader.swift */ = {isa = PBXFileReference; lastKnownFileType = sourcecode.swift; path = ShowDetailHeader.swift; sourceTree = "<group>"; };
		A8ACFCA515591CFEE1D3C67D /* SettingsView.swift */ = {isa = PBXFileReference; lastKnownFileType = sourcecode.swift; path = SettingsView.swift; sourceTree = "<group>"; };
		A934B81D9EDBF07286BC3620 /* LiquidGlassSegmentedPicker.swift */ = {isa = PBXFileReference; lastKnownFileType = sourcecode.swift; path = LiquidGlassSegmentedPicker.swift; sourceTree = "<group>"; };
		AC200FE80D14FE0F8124FDEA /* PerplexityCredentialStore.swift */ = {isa = PBXFileReference; lastKnownFileType = sourcecode.swift; path = PerplexityCredentialStore.swift; sourceTree = "<group>"; };
		ACDE013705E22C325667FD1B /* OnboardingIdentityPage.swift */ = {isa = PBXFileReference; lastKnownFileType = sourcecode.swift; path = OnboardingIdentityPage.swift; sourceTree = "<group>"; };
		AF4B10F72CADB6E687C4BCDF /* LLMProvider.swift */ = {isa = PBXFileReference; lastKnownFileType = sourcecode.swift; path = LLMProvider.swift; sourceTree = "<group>"; };
		AF9652A5A9F567EB67DC7F8D /* AssemblyAICredentialStore.swift */ = {isa = PBXFileReference; lastKnownFileType = sourcecode.swift; path = AssemblyAICredentialStore.swift; sourceTree = "<group>"; };
		B0E3D076A3C478D5EAE5A2B8 /* EpisodeRowContextMenu.swift */ = {isa = PBXFileReference; lastKnownFileType = sourcecode.swift; path = EpisodeRowContextMenu.swift; sourceTree = "<group>"; };
		B3028D21CF6737DB47A2AC41 /* StorageSettingsView.swift */ = {isa = PBXFileReference; lastKnownFileType = sourcecode.swift; path = StorageSettingsView.swift; sourceTree = "<group>"; };
		B4146E2F2243776EF761E843 /* AllEpisodesView.swift */ = {isa = PBXFileReference; lastKnownFileType = sourcecode.swift; path = AllEpisodesView.swift; sourceTree = "<group>"; };
		B5CA599E6BC702B0EF434BB3 /* IdentitySettingsRow.swift */ = {isa = PBXFileReference; lastKnownFileType = sourcecode.swift; path = IdentitySettingsRow.swift; sourceTree = "<group>"; };
		B6E187E7E4FE934557780313 /* KeychainStore.swift */ = {isa = PBXFileReference; lastKnownFileType = sourcecode.swift; path = KeychainStore.swift; sourceTree = "<group>"; };
		B8A5CD4BDBDB4A6FC326168A /* NmpPodcast.app */ = {isa = PBXFileReference; includeInIndex = 0; lastKnownFileType = wrapper.application; path = NmpPodcast.app; sourceTree = BUILT_PRODUCTS_DIR; };
		B9CC99FF5896FB2B1EDCE1B2 /* KernelBridge.swift */ = {isa = PBXFileReference; lastKnownFileType = sourcecode.swift; path = KernelBridge.swift; sourceTree = "<group>"; };
		BD08579C6A156A5A819813D7 /* AgentNotesView.swift */ = {isa = PBXFileReference; lastKnownFileType = sourcecode.swift; path = AgentNotesView.swift; sourceTree = "<group>"; };
		BFD61E9B072512DE389F9F1C /* RootView+Setup.swift */ = {isa = PBXFileReference; lastKnownFileType = sourcecode.swift; path = "RootView+Setup.swift"; sourceTree = "<group>"; };
		C187CB046B989EC30B7F214C /* IdentityAvatarView.swift */ = {isa = PBXFileReference; lastKnownFileType = sourcecode.swift; path = IdentityAvatarView.swift; sourceTree = "<group>"; };
		C1F5D7F016EDADBB260EF036 /* RootView+DeepLink.swift */ = {isa = PBXFileReference; lastKnownFileType = sourcecode.swift; path = "RootView+DeepLink.swift"; sourceTree = "<group>"; };
		C3E030AFFA2B6EBAD72D3E98 /* OnboardingReadyPage.swift */ = {isa = PBXFileReference; lastKnownFileType = sourcecode.swift; path = OnboardingReadyPage.swift; sourceTree = "<group>"; };
		C46D69B8D3B19D131F1A74C9 /* BYOKCredentialImporter.swift */ = {isa = PBXFileReference; lastKnownFileType = sourcecode.swift; path = BYOKCredentialImporter.swift; sourceTree = "<group>"; };
		C7EC18E7CF63B2DE685AF386 /* OPMLExport.swift */ = {isa = PBXFileReference; lastKnownFileType = sourcecode.swift; path = OPMLExport.swift; sourceTree = "<group>"; };
		CA99FEA8F1EAAB6C751C0DE4 /* OnboardingElevenLabsPage.swift */ = {isa = PBXFileReference; lastKnownFileType = sourcecode.swift; path = OnboardingElevenLabsPage.swift; sourceTree = "<group>"; };
		CB7AC3AAF2E3FC3BC95CC925 /* DateExtensions.swift */ = {isa = PBXFileReference; lastKnownFileType = sourcecode.swift; path = DateExtensions.swift; sourceTree = "<group>"; };
		CCC132EC9F0EC31C6578608F /* OnboardingSubscribePage.swift */ = {isa = PBXFileReference; lastKnownFileType = sourcecode.swift; path = OnboardingSubscribePage.swift; sourceTree = "<group>"; };
		DAE649E7C0335D5A31B1E3C1 /* BYOKModels.swift */ = {isa = PBXFileReference; lastKnownFileType = sourcecode.swift; path = BYOKModels.swift; sourceTree = "<group>"; };
		DC8EDBB99DDD719D3297C5DE /* AppTheme+ViewExtensions.swift */ = {isa = PBXFileReference; lastKnownFileType = sourcecode.swift; path = "AppTheme+ViewExtensions.swift"; sourceTree = "<group>"; };
		E236184580E23C559FF1C686 /* HomeView.swift */ = {isa = PBXFileReference; lastKnownFileType = sourcecode.swift; path = HomeView.swift; sourceTree = "<group>"; };
		E9E03353CEFE261FF8A2CDC4 /* ClippingsView.swift */ = {isa = PBXFileReference; lastKnownFileType = sourcecode.swift; path = ClippingsView.swift; sourceTree = "<group>"; };
		EC04571BB689BE7953C7C32B /* PodcastSearchView.swift */ = {isa = PBXFileReference; lastKnownFileType = sourcecode.swift; path = PodcastSearchView.swift; sourceTree = "<group>"; };
		EC0DC57AE069F5238AFCE1EC /* StringExtensions.swift */ = {isa = PBXFileReference; lastKnownFileType = sourcecode.swift; path = StringExtensions.swift; sourceTree = "<group>"; };
		EC6AEDC78EAC523E11744EAF /* RootView.swift */ = {isa = PBXFileReference; lastKnownFileType = sourcecode.swift; path = RootView.swift; sourceTree = "<group>"; };
		ECC16D2B8BC769911999D9F4 /* EpisodeRow.swift */ = {isa = PBXFileReference; lastKnownFileType = sourcecode.swift; path = EpisodeRow.swift; sourceTree = "<group>"; };
		ED357B1995EAAC2A4E5F6B59 /* OnboardingWelcomePage.swift */ = {isa = PBXFileReference; lastKnownFileType = sourcecode.swift; path = OnboardingWelcomePage.swift; sourceTree = "<group>"; };
		ED658BAF80F9639DBFD9DE29 /* BookmarksView.swift */ = {isa = PBXFileReference; lastKnownFileType = sourcecode.swift; path = BookmarksView.swift; sourceTree = "<group>"; };
		EDEE76F2A4733886BE9D4A08 /* PodcastApp.swift */ = {isa = PBXFileReference; lastKnownFileType = sourcecode.swift; path = PodcastApp.swift; sourceTree = "<group>"; };
		F6421C1EC9E972F083A61A2F /* PlaybackSettingsView.swift */ = {isa = PBXFileReference; lastKnownFileType = sourcecode.swift; path = PlaybackSettingsView.swift; sourceTree = "<group>"; };
		FA2ABCA4F6F51BD5EB8D4A49 /* Assets.xcassets */ = {isa = PBXFileReference; lastKnownFileType = folder.assetcatalog; path = Assets.xcassets; sourceTree = "<group>"; };
		FFC2CECDA5D9A72F0283F31F /* OllamaCredentialStore.swift */ = {isa = PBXFileReference; lastKnownFileType = sourcecode.swift; path = OllamaCredentialStore.swift; sourceTree = "<group>"; };
/* End PBXFileReference section */

/* Begin PBXGroup section */
		04DBE3423C8386B5DA97A938 /* Onboarding */ = {
			isa = PBXGroup;
			children = (
				339A23B5ED19C824B4B48C0A /* OnboardingAISetupPage.swift */,
				CA99FEA8F1EAAB6C751C0DE4 /* OnboardingElevenLabsPage.swift */,
				ACDE013705E22C325667FD1B /* OnboardingIdentityPage.swift */,
				A13939FAEBB65EEAE2E69C82 /* OnboardingLayout.swift */,
				632F47D2DA4A877F540A994D /* OnboardingPages.swift */,
				C3E030AFFA2B6EBAD72D3E98 /* OnboardingReadyPage.swift */,
				2ACA1B96B9D5835C7276CC0D /* OnboardingStep.swift */,
				CCC132EC9F0EC31C6578608F /* OnboardingSubscribePage.swift */,
				61A02127EEF08F1B2473C565 /* OnboardingView.swift */,
				1022735D81A300A75D40D42A /* OnboardingView+Handlers.swift */,
				ED357B1995EAAC2A4E5F6B59 /* OnboardingWelcomePage.swift */,
			);
			path = Onboarding;
			sourceTree = "<group>";
		};
		087913E80A20765B02517F31 /* Bridge */ = {
			isa = PBXGroup;
			children = (
				61D12987460FEF25AD4171BF /* ErrorPresentation.swift */,
				B9CC99FF5896FB2B1EDCE1B2 /* KernelBridge.swift */,
				6FA6EF075CA5E72E63B4786E /* KernelModel.swift */,
				7DD44240952F17949D8EC289 /* Logger.swift */,
				95A965AC0733B576B481FC07 /* NmpCore.h */,
				6C527E86870FC31E8E9E457D /* PodcastrShims.swift */,
			);
			name = Bridge;
			path = NmpPodcast/Bridge;
			sourceTree = "<group>";
		};
		0DE85256600EB2B174E546D5 /* Services */ = {
			isa = PBXGroup;
			children = (
				AF9652A5A9F567EB67DC7F8D /* AssemblyAICredentialStore.swift */,
				1FE6AE9A4DD31735347BDF02 /* BYOKConnectService.swift */,
				C46D69B8D3B19D131F1A74C9 /* BYOKCredentialImporter.swift */,
				DAE649E7C0335D5A31B1E3C1 /* BYOKModels.swift */,
				6BD4526F63A3AF0D64757A0B /* DataExport.swift */,
				6D018F8098E7FDC1CBE6C439 /* ElevenLabsCredentialStore.swift */,
				B6E187E7E4FE934557780313 /* KeychainStore.swift */,
				AF4B10F72CADB6E687C4BCDF /* LLMProvider.swift */,
				FFC2CECDA5D9A72F0283F31F /* OllamaCredentialStore.swift */,
				09A355026C2C5A81286D13CB /* OpenRouterCredentialStore.swift */,
				C7EC18E7CF63B2DE685AF386 /* OPMLExport.swift */,
				AC200FE80D14FE0F8124FDEA /* PerplexityCredentialStore.swift */,
				36F475D240D9B55AF07219A2 /* Settings.swift */,
				8F4CB4916B0910C7B3CBE8A2 /* Settings+Embeddings.swift */,
			);
			name = Services;
			path = NmpPodcast/Services;
			sourceTree = "<group>";
		};
		180895A3CB6BD139067A5A50 = {
			isa = PBXGroup;
			children = (
				DA8D33FBDC53178E265A320F /* App */,
				087913E80A20765B02517F31 /* Bridge */,
				B99A398DD4E0F4643612EADC /* Design */,
				8DC9C839AE60E5FADB09C725 /* Features */,
				C81E319F6F62E324B26B1F9A /* Resources */,
				0DE85256600EB2B174E546D5 /* Services */,
				367802DABB6CE6AEDC396668 /* Products */,
			);
			sourceTree = "<group>";
		};
		29187B7872124DC5CB506C54 /* Player */ = {
			isa = PBXGroup;
			children = (
				82802B69B579199F46DC496D /* MiniPlayerView.swift */,
				55690D39AD27CC24D2A94863 /* PlayerView.swift */,
			);
			path = Player;
			sourceTree = "<group>";
		};
		301A7D93E925687B98C3B05A /* Search */ = {
			isa = PBXGroup;
			children = (
				EC04571BB689BE7953C7C32B /* PodcastSearchView.swift */,
			);
			path = Search;
			sourceTree = "<group>";
		};
		31077F3094D52598CD16BA04 /* Settings */ = {
			isa = PBXGroup;
			children = (
				0920B22568C445F40D9A0CE1 /* CategoriesRecomputeSheet.swift */,
				1A3353061BB68E260C8A874F /* DataExportView.swift */,
				571E9939943B6ACB968681C0 /* DataStorageSettingsView.swift */,
				6DE855F2EA141CDBEE8F4727 /* DownloadsManagerModels.swift */,
				31A8A9DFD2FADD6EE096B331 /* DownloadsManagerRows.swift */,
				1D608AED20BCE8329613365D /* DownloadsManagerView.swift */,
				686244FF9C4BDDD489568356 /* NotificationSettingsView.swift */,
				F6421C1EC9E972F083A61A2F /* PlaybackSettingsView.swift */,
				911E625D3162FA5BA57C35F1 /* SettingsSystemSection.swift */,
				A8ACFCA515591CFEE1D3C67D /* SettingsView.swift */,
				B3028D21CF6737DB47A2AC41 /* StorageSettingsView.swift */,
				0358522F8F9255D686D0227F /* SubscriptionsListView.swift */,
				902F007DFB98B0D43B020842 /* TranscriptsSettingsView.swift */,
				56CC903F5FE97624C9DC3CBF /* WikiSettingsView.swift */,
			);
			path = Settings;
			sourceTree = "<group>";
		};
		31AE370FF83DF23C7A2A6D5C /* Voice */ = {
			isa = PBXGroup;
			children = (
				25B643C7198D451110ACACC6 /* VoiceView.swift */,
			);
			path = Voice;
			sourceTree = "<group>";
		};
		367802DABB6CE6AEDC396668 /* Products */ = {
			isa = PBXGroup;
			children = (
				B8A5CD4BDBDB4A6FC326168A /* NmpPodcast.app */,
			);
			name = Products;
			sourceTree = "<group>";
		};
		7E9F9EC3246317BEE7A34E9D /* Identity */ = {
			isa = PBXGroup;
			children = (
				C187CB046B989EC30B7F214C /* IdentityAvatarView.swift */,
				B5CA599E6BC702B0EF434BB3 /* IdentitySettingsRow.swift */,
				2FB221F5D807F0A46515D37B /* ModeBadge.swift */,
			);
			path = Identity;
			sourceTree = "<group>";
		};
		86A8FE34D156BAC7C8722479 /* Agent */ = {
			isa = PBXGroup;
			children = (
				59CB754C3F2A73783CF37933 /* AgentChatView.swift */,
				27D5D660B9FB3C2FB54F7F09 /* AgentMemoriesView.swift */,
				BD08579C6A156A5A819813D7 /* AgentNotesView.swift */,
				8DF7B9E857FB87107ADD871C /* NostrConversationDetailView.swift */,
				49B7E26594D501DADD98BC96 /* NostrConversationsToolbarItem.swift */,
			);
			path = Agent;
			sourceTree = "<group>";
		};
		8DC9C839AE60E5FADB09C725 /* Features */ = {
			isa = PBXGroup;
			children = (
				86A8FE34D156BAC7C8722479 /* Agent */,
				C4E557CC3663566A1ECE2C32 /* Bookmarks */,
				C7645B57F55984C7CD9F6726 /* Clippings */,
				90206BC250C352B804454331 /* Feedback */,
				A3E44CF21223720379B9A1A4 /* Home */,
				7E9F9EC3246317BEE7A34E9D /* Identity */,
				E8FEDA81DC431FA763C65257 /* Library */,
				04DBE3423C8386B5DA97A938 /* Onboarding */,
				29187B7872124DC5CB506C54 /* Player */,
				301A7D93E925687B98C3B05A /* Search */,
				31077F3094D52598CD16BA04 /* Settings */,
				31AE370FF83DF23C7A2A6D5C /* Voice */,
				C92C22A71259CFDDD62B05C6 /* Wiki */,
			);
			name = Features;
			path = NmpPodcast/Features;
			sourceTree = "<group>";
		};
		90206BC250C352B804454331 /* Feedback */ = {
			isa = PBXGroup;
			children = (
				5ABB233FF40ED546481C8DD0 /* ScreenshotAnnotationView.swift */,
			);
			path = Feedback;
			sourceTree = "<group>";
		};
		A3E44CF21223720379B9A1A4 /* Home */ = {
			isa = PBXGroup;
			children = (
				E236184580E23C559FF1C686 /* HomeView.swift */,
			);
			path = Home;
			sourceTree = "<group>";
		};
		B99A398DD4E0F4643612EADC /* Design */ = {
			isa = PBXGroup;
			children = (
				4BB411528890B70F46F72A69 /* AppLogger.swift */,
				6799E4EE97688AA89E4A0870 /* AppTheme.swift */,
				8C260BC53D1CFD43DFB18D0C /* AppTheme+Animation.swift */,
				16940D7AF4E7F68EB2C5CA1D /* AppTheme+Colors.swift */,
				0E4BF953F452DAEF1E3E1160 /* AppTheme+Shadow.swift */,
				615DBCA6CCB387B9341F2224 /* AppTheme+Typography.swift */,
				DC8EDBB99DDD719D3297C5DE /* AppTheme+ViewExtensions.swift */,
				3BC1C83034B3997DF3E2EEFD /* AsyncButton.swift */,
				7938D8691892120A40D2CB1F /* CachedAsyncImage.swift */,
				CB7AC3AAF2E3FC3BC95CC925 /* DateExtensions.swift */,
				75F0BA8E3AE97D83E0AD6EFF /* EditTextSheet.swift */,
				157F19DFB2AE115794B89C37 /* GlassSurface.swift */,
				0202D78D930BF0C203E999F9 /* Haptics.swift */,
				077B7D61DB5F33095EC34562 /* HighlightedText.swift */,
				93DF71E784D4B6F5F411609A /* KeyboardToolbar.swift */,
				155D5ED3D590C4FA4CF7A832 /* KingfisherConfiguration.swift */,
				A934B81D9EDBF07286BC3620 /* LiquidGlassSegmentedPicker.swift */,
				6C32A04D456E621CE8E59CBA /* NoteListRow.swift */,
				59A5614BA6DCB30B892E784B /* NumberExtensions.swift */,
				14FAA9803F7042B6A1689950 /* PressableStyle.swift */,
				77DE1B492367E1D5029FB5E3 /* RevealableAPIKeyField.swift */,
				3647EAE9232A09505BD71611 /* SettingsRow.swift */,
				37E27D5F2623BDE9ADF1D696 /* ShakeDetector.swift */,
				91C0D6DA90EECE55A1770658 /* ShareSheet.swift */,
				315003CB424A5E6D3960C614 /* StatBadge.swift */,
				EC0DC57AE069F5238AFCE1EC /* StringExtensions.swift */,
				1E0DE3B0AFA26914B63F2733 /* UUIDExtensions.swift */,
			);
			name = Design;
			path = NmpPodcast/Design;
			sourceTree = "<group>";
		};
		C4E557CC3663566A1ECE2C32 /* Bookmarks */ = {
			isa = PBXGroup;
			children = (
				ED658BAF80F9639DBFD9DE29 /* BookmarksView.swift */,
			);
			path = Bookmarks;
			sourceTree = "<group>";
		};
		C7645B57F55984C7CD9F6726 /* Clippings */ = {
			isa = PBXGroup;
			children = (
				E9E03353CEFE261FF8A2CDC4 /* ClippingsView.swift */,
			);
			path = Clippings;
			sourceTree = "<group>";
		};
		C81E319F6F62E324B26B1F9A /* Resources */ = {
			isa = PBXGroup;
			children = (
				FA2ABCA4F6F51BD5EB8D4A49 /* Assets.xcassets */,
			);
			name = Resources;
			path = NmpPodcast/Resources;
			sourceTree = "<group>";
		};
		C92C22A71259CFDDD62B05C6 /* Wiki */ = {
			isa = PBXGroup;
			children = (
				89D7C5C5C2E476AD14E3517D /* WikiView.swift */,
			);
			path = Wiki;
			sourceTree = "<group>";
		};
		DA8D33FBDC53178E265A320F /* App */ = {
			isa = PBXGroup;
			children = (
				1CD0CAF5023535BE0DE9F093 /* AppDelegate.swift */,
				521D133619A94A196985B970 /* AppSidebarView.swift */,
				4FA555689E22AF4B65558BA5 /* Config.swift */,
				827844F211D6631CB10F926D /* PlayerNavSheets.swift */,
				EDEE76F2A4733886BE9D4A08 /* PodcastApp.swift */,
				EC6AEDC78EAC523E11744EAF /* RootView.swift */,
				C1F5D7F016EDADBB260EF036 /* RootView+DeepLink.swift */,
				BFD61E9B072512DE389F9F1C /* RootView+Setup.swift */,
			);
			name = App;
			path = NmpPodcast/App;
			sourceTree = "<group>";
		};
		E8FEDA81DC431FA763C65257 /* Library */ = {
			isa = PBXGroup;
			children = (
				43B31B84288B261F207F559F /* AddShowSheet.swift */,
				B4146E2F2243776EF761E843 /* AllEpisodesView.swift */,
				39D4F118A0C66DBBA42DFF5D /* EpisodeDetailLink.swift */,
				77336FF046FF93523DADDE2D /* EpisodeDetailView.swift */,
				ECC16D2B8BC769911999D9F4 /* EpisodeRow.swift */,
				B0E3D076A3C478D5EAE5A2B8 /* EpisodeRowContextMenu.swift */,
				118796C04B5ED1992ECEF74A /* EpisodeRowSwipeActions.swift */,
				8C2AA911C953E2865C439960 /* LibraryGridCell.swift */,
				4AF4482A8A34C1C3554EB988 /* ShowDetailEpisodeList.swift */,
				A2128043E628F5C468AAA79F /* ShowDetailHeader.swift */,
				03A10048B918E2D402323983 /* ShowDetailSettingsSheet.swift */,
				0806345590BD719742095D51 /* ShowDetailView.swift */,
			);
			path = Library;
			sourceTree = "<group>";
		};
/* End PBXGroup section */

/* Begin PBXNativeTarget section */
		621B38F9349E05538ACC4ACC /* NmpPodcast */ = {
			isa = PBXNativeTarget;
			buildConfigurationList = 74E52C4958B09135697C2C7E /* Build configuration list for PBXNativeTarget "NmpPodcast" */;
			buildPhases = (
				E1C00C6B15CCA65A8F761568 /* Sources */,
				FC7AA913FC9AF37FF38252D1 /* Resources */,
			);
			buildRules = (
			);
			dependencies = (
			);
			name = NmpPodcast;
			packageProductDependencies = (
			);
			productName = NmpPodcast;
			productReference = B8A5CD4BDBDB4A6FC326168A /* NmpPodcast.app */;
			productType = "com.apple.product-type.application";
		};
/* End PBXNativeTarget section */

/* Begin PBXProject section */
		4BFBA84E60FDA3D4A4AC3CE6 /* Project object */ = {
			isa = PBXProject;
			attributes = {
				BuildIndependentTargetsInParallel = YES;
				LastUpgradeCheck = 1430;
				TargetAttributes = {
					621B38F9349E05538ACC4ACC = {
						DevelopmentTeam = 456SHKPP26;
						ProvisioningStyle = Automatic;
					};
				};
			};
			buildConfigurationList = 2564E6C1C786B1683F353F32 /* Build configuration list for PBXProject "NmpPodcast" */;
			compatibilityVersion = "Xcode 14.0";
			developmentRegion = en;
			hasScannedForEncodings = 0;
			knownRegions = (
				Base,
				en,
			);
			mainGroup = 180895A3CB6BD139067A5A50;
			minimizedProjectReferenceProxies = 1;
			preferredProjectObjectVersion = 54;
			projectDirPath = "";
			projectRoot = "";
			targets = (
				621B38F9349E05538ACC4ACC /* NmpPodcast */,
			);
		};
/* End PBXProject section */

/* Begin PBXResourcesBuildPhase section */
		FC7AA913FC9AF37FF38252D1 /* Resources */ = {
			isa = PBXResourcesBuildPhase;
			buildActionMask = 2147483647;
			files = (
				34C98F5762CCF307B298D6F4 /* Assets.xcassets in Resources */,
			);
			runOnlyForDeploymentPostprocessing = 0;
		};
/* End PBXResourcesBuildPhase section */

/* Begin PBXSourcesBuildPhase section */
		E1C00C6B15CCA65A8F761568 /* Sources */ = {
			isa = PBXSourcesBuildPhase;
			buildActionMask = 2147483647;
			files = (
				F4B8FAC156AC4A86D0E1AFC5 /* AddShowSheet.swift in Sources */,
				1B5B6FC7E11A186E0CAA93D0 /* AgentChatView.swift in Sources */,
				F85B39A7A158FCEC5B365463 /* AgentMemoriesView.swift in Sources */,
				23D34091BCBBA4716F7A7583 /* AgentNotesView.swift in Sources */,
				1F05C73D74907B51AECEF5C9 /* AllEpisodesView.swift in Sources */,
				92CF9824330041FE04BE1BB4 /* AppDelegate.swift in Sources */,
				D212D061616CC1E60A5B6FFC /* AppLogger.swift in Sources */,
				80015EB3B2DB482AF2E6B612 /* AppSidebarView.swift in Sources */,
				B4735E6D51D336686E2A81CA /* AppTheme+Animation.swift in Sources */,
				537C0FEE5451BBF1D187B9D0 /* AppTheme+Colors.swift in Sources */,
				0106D17F88290B33A01C259E /* AppTheme+Shadow.swift in Sources */,
				D5F15ABCF153A2280DF93489 /* AppTheme+Typography.swift in Sources */,
				FB63CA94EB88CEEFB22DBC68 /* AppTheme+ViewExtensions.swift in Sources */,
				4C5C96D07F61F220CCC50474 /* AppTheme.swift in Sources */,
				FA97268E4CF300130B98BE9A /* AssemblyAICredentialStore.swift in Sources */,
				D95C3C8CD890B8838A02DAE4 /* AsyncButton.swift in Sources */,
				7A37550E1CA0472B9110A5AF /* BYOKConnectService.swift in Sources */,
				C12F69D6C02F48C9573FB275 /* BYOKCredentialImporter.swift in Sources */,
				11A8E64A8D2F49CB8ED5C0F4 /* BYOKModels.swift in Sources */,
				F6CCCAF79D1A278CA7A8BBBF /* BookmarksView.swift in Sources */,
				C4572E8686F8CC99DA3819B8 /* CachedAsyncImage.swift in Sources */,
				BA1F96DE6385E1A6D327225C /* CategoriesRecomputeSheet.swift in Sources */,
				C1EC97449A656BD39ABEC428 /* ClippingsView.swift in Sources */,
				1B7E6385630CA9E64AAA45DA /* Config.swift in Sources */,
				9D48A671CD3F1936396EA76A /* DataExport.swift in Sources */,
				84C59271E36255D7C80AB876 /* DataExportView.swift in Sources */,
				0FEA1A584ECEAE67505F9020 /* DataStorageSettingsView.swift in Sources */,
				BEED796D0D43501B0490DFB6 /* DateExtensions.swift in Sources */,
				7947AA426B21103CF05A0AF1 /* DownloadsManagerModels.swift in Sources */,
				F7694401940ED5EDDBE10784 /* DownloadsManagerRows.swift in Sources */,
				E9D3B26D3740F05391E86DA9 /* DownloadsManagerView.swift in Sources */,
				F6B6FABA2B636B5644B8E6F9 /* EditTextSheet.swift in Sources */,
				258173D3824BDC33DD614971 /* ElevenLabsCredentialStore.swift in Sources */,
				803DB8C81851B53F932BFC05 /* EpisodeDetailLink.swift in Sources */,
				AA72F6CC8D5E58B42202B41A /* EpisodeDetailView.swift in Sources */,
				4C31B1E76510C5185E69152F /* EpisodeRow.swift in Sources */,
				F1E52F6260CA2435BA020849 /* EpisodeRowContextMenu.swift in Sources */,
				A275710C9A8CA0037D814D70 /* EpisodeRowSwipeActions.swift in Sources */,
				D4F4CDC29A451D3E4AB90365 /* ErrorPresentation.swift in Sources */,
				A75E75893D93B900D316801A /* GlassSurface.swift in Sources */,
				7DC5A4510B3DF2AD82E5E267 /* Haptics.swift in Sources */,
				E4DAC869A663AD95FEBEA943 /* HighlightedText.swift in Sources */,
				86C23A6B70DC29E3F3A61FBA /* HomeView.swift in Sources */,
				45534A63C082DD0EA922694F /* IdentityAvatarView.swift in Sources */,
				A643119C524EDF89C75978C0 /* IdentitySettingsRow.swift in Sources */,
				B269D210E52E3C01ABAB3E17 /* KernelBridge.swift in Sources */,
				BB47E4D226CE7DBAD18B86A1 /* KernelModel.swift in Sources */,
				83C4D2C3376A77F8C07C3642 /* KeyboardToolbar.swift in Sources */,
				068E0C04F3E343591764118F /* KeychainStore.swift in Sources */,
				44518868248D88D5E8C9B916 /* KingfisherConfiguration.swift in Sources */,
				F4D715812C00AF09CF08338F /* LLMProvider.swift in Sources */,
				A0C8378C5651F2170C6F746E /* LibraryGridCell.swift in Sources */,
				B566835492376B368B4701BB /* LiquidGlassSegmentedPicker.swift in Sources */,
				01178DB7E0DBE979AD04A86B /* Logger.swift in Sources */,
				1E542D370BB18177EC23A972 /* MiniPlayerView.swift in Sources */,
				8DC566567EDE1B0DA2ADF01D /* ModeBadge.swift in Sources */,
				0C910988E74D121CFEE8BDB2 /* NostrConversationDetailView.swift in Sources */,
				8F3E68010C9EAF181815D569 /* NostrConversationsToolbarItem.swift in Sources */,
				7A1618CE60982EC8BAE8E6AD /* NoteListRow.swift in Sources */,
				D2ED1AF52E49CBFA0C27633F /* NotificationSettingsView.swift in Sources */,
				EEC7A93EABC1C33A7CE81F3E /* NumberExtensions.swift in Sources */,
				C62D7612478FEEC02EC4B704 /* OPMLExport.swift in Sources */,
				83DE2D4292568C110C7B2B8D /* OllamaCredentialStore.swift in Sources */,
				E7DAAFA94CE07A22D958DECA /* OnboardingAISetupPage.swift in Sources */,
				AF818A20F446794213157758 /* OnboardingElevenLabsPage.swift in Sources */,
				F133FB71199C955720210989 /* OnboardingIdentityPage.swift in Sources */,
				2A3BBD9F9E167AEE34BDF80E /* OnboardingLayout.swift in Sources */,
				0124E7B2778562102865A131 /* OnboardingPages.swift in Sources */,
				D08B6354BB9D54EA333C6658 /* OnboardingReadyPage.swift in Sources */,
				33CB6E9E707FF0DC4287C6E1 /* OnboardingStep.swift in Sources */,
				887941516C059D37AC2A059D /* OnboardingSubscribePage.swift in Sources */,
				0C58F11CCAF7185AF477F9E1 /* OnboardingView+Handlers.swift in Sources */,
				219AC1D08ED00A3D6F0C18F6 /* OnboardingView.swift in Sources */,
				6C331A8E674C151A7B1C43FF /* OnboardingWelcomePage.swift in Sources */,
				F34A67061A489E6A94ED614F /* OpenRouterCredentialStore.swift in Sources */,
				83A8F185EBA8CAC461475EAA /* PerplexityCredentialStore.swift in Sources */,
				0080172AEEE75A739E1205F9 /* PlaybackSettingsView.swift in Sources */,
				DC7BFCAE46284DEC62CDC9EF /* PlayerNavSheets.swift in Sources */,
				1D1990E3ABA0D31F3D07FA2F /* PlayerView.swift in Sources */,
				B1F57A9B7571BAF389E1548E /* PodcastApp.swift in Sources */,
				6755C9250E6597549B1CD4F3 /* PodcastSearchView.swift in Sources */,
				EFC2807864F1BC7D93F55929 /* PodcastrShims.swift in Sources */,
				EDBAE94E6597DE0E1A78ADCF /* PressableStyle.swift in Sources */,
				C3062FA0087760466705C0CA /* RevealableAPIKeyField.swift in Sources */,
				AF7810A38704BDBC561B5C2D /* RootView+DeepLink.swift in Sources */,
				E8ACF197F19077E5E627AC28 /* RootView+Setup.swift in Sources */,
				E528CA386A98A6E89B52A1AD /* RootView.swift in Sources */,
				9A5320D51B2A3C89A7883E03 /* ScreenshotAnnotationView.swift in Sources */,
				BE2CA8DD31140EC400153117 /* Settings+Embeddings.swift in Sources */,
				9575EB88561FBB88F8B45576 /* Settings.swift in Sources */,
				9A0302F2D08D4A02429367FE /* SettingsRow.swift in Sources */,
				DDEAD6019AAE7BA983FC96B3 /* SettingsSystemSection.swift in Sources */,
				520126C548FD16062CE529CF /* SettingsView.swift in Sources */,
				658F5E5F84296C4B2DA569E5 /* ShakeDetector.swift in Sources */,
				A1EC5A28116EBE1908CF48A2 /* ShareSheet.swift in Sources */,
				C1D4263FEC307BD863A84055 /* ShowDetailEpisodeList.swift in Sources */,
				FDD15B72BD36904E053BBD74 /* ShowDetailHeader.swift in Sources */,
				248A8A4DCF3439619222E5E7 /* ShowDetailSettingsSheet.swift in Sources */,
				A66CE88B4F92899706AD8D6C /* ShowDetailView.swift in Sources */,
				3368AF8F5595DE67A1C1807A /* StatBadge.swift in Sources */,
				8B964028125E5754A0915E91 /* StorageSettingsView.swift in Sources */,
				2AB8477ACEBB38D947C6FBF1 /* StringExtensions.swift in Sources */,
				1BA1861E6ABBE635059BE950 /* SubscriptionsListView.swift in Sources */,
				65A244E3D666F816C389933C /* TranscriptsSettingsView.swift in Sources */,
				E81B0D82A7A40FD2F347EE3C /* UUIDExtensions.swift in Sources */,
				29319321E31462FC52E77871 /* VoiceView.swift in Sources */,
				39CD98D0DD1A16F1764E956E /* WikiSettingsView.swift in Sources */,
				E1F17E1B9E15D020D89C3DB0 /* WikiView.swift in Sources */,
			);
			runOnlyForDeploymentPostprocessing = 0;
		};
/* End PBXSourcesBuildPhase section */

/* Begin XCBuildConfiguration section */
		1B3C66993E52DDBA5EAA50FE /* Debug */ = {
			isa = XCBuildConfiguration;
			buildSettings = {
				ALWAYS_SEARCH_USER_PATHS = NO;
				CLANG_ANALYZER_NONNULL = YES;
				CLANG_ANALYZER_NUMBER_OBJECT_CONVERSION = YES_AGGRESSIVE;
				CLANG_CXX_LANGUAGE_STANDARD = "gnu++14";
				CLANG_CXX_LIBRARY = "libc++";
				CLANG_ENABLE_MODULES = YES;
				CLANG_ENABLE_OBJC_ARC = YES;
				CLANG_ENABLE_OBJC_WEAK = YES;
				CLANG_WARN_BLOCK_CAPTURE_AUTORELEASING = YES;
				CLANG_WARN_BOOL_CONVERSION = YES;
				CLANG_WARN_COMMA = YES;
				CLANG_WARN_CONSTANT_CONVERSION = YES;
				CLANG_WARN_DEPRECATED_OBJC_IMPLEMENTATIONS = YES;
				CLANG_WARN_DIRECT_OBJC_ISA_USAGE = YES_ERROR;
				CLANG_WARN_DOCUMENTATION_COMMENTS = YES;
				CLANG_WARN_EMPTY_BODY = YES;
				CLANG_WARN_ENUM_CONVERSION = YES;
				CLANG_WARN_INFINITE_RECURSION = YES;
				CLANG_WARN_INT_CONVERSION = YES;
				CLANG_WARN_NON_LITERAL_NULL_CONVERSION = YES;
				CLANG_WARN_OBJC_IMPLICIT_RETAIN_SELF = YES;
				CLANG_WARN_OBJC_LITERAL_CONVERSION = YES;
				CLANG_WARN_OBJC_ROOT_CLASS = YES_ERROR;
				CLANG_WARN_QUOTED_INCLUDE_IN_FRAMEWORK_HEADER = YES;
				CLANG_WARN_RANGE_LOOP_ANALYSIS = YES;
				CLANG_WARN_STRICT_PROTOTYPES = YES;
				CLANG_WARN_SUSPICIOUS_MOVE = YES;
				CLANG_WARN_UNGUARDED_AVAILABILITY = YES_AGGRESSIVE;
				CLANG_WARN_UNREACHABLE_CODE = YES;
				CLANG_WARN__DUPLICATE_METHOD_MATCH = YES;
				CODE_SIGN_STYLE = Automatic;
				COPY_PHASE_STRIP = NO;
				DEBUG_INFORMATION_FORMAT = dwarf;
				DEVELOPMENT_TEAM = 456SHKPP26;
				ENABLE_STRICT_OBJC_MSGSEND = YES;
				ENABLE_TESTABILITY = YES;
				GCC_C_LANGUAGE_STANDARD = gnu11;
				GCC_DYNAMIC_NO_PIC = NO;
				GCC_NO_COMMON_BLOCKS = YES;
				GCC_OPTIMIZATION_LEVEL = 0;
				GCC_PREPROCESSOR_DEFINITIONS = (
					"$(inherited)",
					"DEBUG=1",
				);
				GCC_WARN_64_TO_32_BIT_CONVERSION = YES;
				GCC_WARN_ABOUT_RETURN_TYPE = YES_ERROR;
				GCC_WARN_UNDECLARED_SELECTOR = YES;
				GCC_WARN_UNINITIALIZED_AUTOS = YES_AGGRESSIVE;
				GCC_WARN_UNUSED_FUNCTION = YES;
				GCC_WARN_UNUSED_VARIABLE = YES;
				GENERATE_INFOPLIST_FILE = NO;
				IPHONEOS_DEPLOYMENT_TARGET = 26.0;
				MTL_ENABLE_DEBUG_INFO = INCLUDE_SOURCE;
				MTL_FAST_MATH = YES;
				ONLY_ACTIVE_ARCH = YES;
				PRODUCT_NAME = "$(TARGET_NAME)";
				SDKROOT = iphoneos;
				SWIFT_ACTIVE_COMPILATION_CONDITIONS = DEBUG;
				SWIFT_OPTIMIZATION_LEVEL = "-Onone";
				SWIFT_VERSION = 6.0;
			};
			name = Debug;
		};
		46A8DC34989908C8189905EB /* Debug */ = {
			isa = XCBuildConfiguration;
			buildSettings = {
				ASSETCATALOG_COMPILER_APPICON_NAME = AppIcon;
				CODE_SIGN_IDENTITY = "iPhone Developer";
				ENABLE_USER_SCRIPT_SANDBOXING = NO;
				GENERATE_INFOPLIST_FILE = NO;
				INFOPLIST_FILE = NmpPodcast/Info.plist;
				LD_RUNPATH_SEARCH_PATHS = (
					"$(inherited)",
					"@executable_path/Frameworks",
				);
				"LIBRARY_SEARCH_PATHS[sdk=iphoneos*]" = (
					"$(SRCROOT)/../../../../../target/aarch64-apple-ios/debug",
					"$(SRCROOT)/../../../../../target/aarch64-apple-ios/release",
				);
				"LIBRARY_SEARCH_PATHS[sdk=iphonesimulator*]" = (
					"$(SRCROOT)/../../../../../target/aarch64-apple-ios-sim/debug",
					"$(SRCROOT)/../../../../../target/aarch64-apple-ios-sim/release",
				);
				OTHER_LDFLAGS = "$(inherited) -lnmp_app_podcast -lnmp_signer_broker -lnmp_core";
				PRODUCT_BUNDLE_IDENTIFIER = com.podcast.app;
				PRODUCT_NAME = NmpPodcast;
				SDKROOT = iphoneos;
				SWIFT_OBJC_BRIDGING_HEADER = NmpPodcast/Bridge/NmpCore.h;
				TARGETED_DEVICE_FAMILY = "1,2";
			};
			name = Debug;
		};
		69FE73FD562AADC7FA274EBC /* Release */ = {
			isa = XCBuildConfiguration;
			buildSettings = {
				ALWAYS_SEARCH_USER_PATHS = NO;
				CLANG_ANALYZER_NONNULL = YES;
				CLANG_ANALYZER_NUMBER_OBJECT_CONVERSION = YES_AGGRESSIVE;
				CLANG_CXX_LANGUAGE_STANDARD = "gnu++14";
				CLANG_CXX_LIBRARY = "libc++";
				CLANG_ENABLE_MODULES = YES;
				CLANG_ENABLE_OBJC_ARC = YES;
				CLANG_ENABLE_OBJC_WEAK = YES;
				CLANG_WARN_BLOCK_CAPTURE_AUTORELEASING = YES;
				CLANG_WARN_BOOL_CONVERSION = YES;
				CLANG_WARN_COMMA = YES;
				CLANG_WARN_CONSTANT_CONVERSION = YES;
				CLANG_WARN_DEPRECATED_OBJC_IMPLEMENTATIONS = YES;
				CLANG_WARN_DIRECT_OBJC_ISA_USAGE = YES_ERROR;
				CLANG_WARN_DOCUMENTATION_COMMENTS = YES;
				CLANG_WARN_EMPTY_BODY = YES;
				CLANG_WARN_ENUM_CONVERSION = YES;
				CLANG_WARN_INFINITE_RECURSION = YES;
				CLANG_WARN_INT_CONVERSION = YES;
				CLANG_WARN_NON_LITERAL_NULL_CONVERSION = YES;
				CLANG_WARN_OBJC_IMPLICIT_RETAIN_SELF = YES;
				CLANG_WARN_OBJC_LITERAL_CONVERSION = YES;
				CLANG_WARN_OBJC_ROOT_CLASS = YES_ERROR;
				CLANG_WARN_QUOTED_INCLUDE_IN_FRAMEWORK_HEADER = YES;
				CLANG_WARN_RANGE_LOOP_ANALYSIS = YES;
				CLANG_WARN_STRICT_PROTOTYPES = YES;
				CLANG_WARN_SUSPICIOUS_MOVE = YES;
				CLANG_WARN_UNGUARDED_AVAILABILITY = YES_AGGRESSIVE;
				CLANG_WARN_UNREACHABLE_CODE = YES;
				CLANG_WARN__DUPLICATE_METHOD_MATCH = YES;
				CODE_SIGN_STYLE = Automatic;
				COPY_PHASE_STRIP = NO;
				DEBUG_INFORMATION_FORMAT = "dwarf-with-dsym";
				DEVELOPMENT_TEAM = 456SHKPP26;
				ENABLE_NS_ASSERTIONS = NO;
				ENABLE_STRICT_OBJC_MSGSEND = YES;
				GCC_C_LANGUAGE_STANDARD = gnu11;
				GCC_NO_COMMON_BLOCKS = YES;
				GCC_WARN_64_TO_32_BIT_CONVERSION = YES;
				GCC_WARN_ABOUT_RETURN_TYPE = YES_ERROR;
				GCC_WARN_UNDECLARED_SELECTOR = YES;
				GCC_WARN_UNINITIALIZED_AUTOS = YES_AGGRESSIVE;
				GCC_WARN_UNUSED_FUNCTION = YES;
				GCC_WARN_UNUSED_VARIABLE = YES;
				GENERATE_INFOPLIST_FILE = NO;
				IPHONEOS_DEPLOYMENT_TARGET = 26.0;
				MTL_ENABLE_DEBUG_INFO = NO;
				MTL_FAST_MATH = YES;
				PRODUCT_NAME = "$(TARGET_NAME)";
				SDKROOT = iphoneos;
				SWIFT_COMPILATION_MODE = wholemodule;
				SWIFT_OPTIMIZATION_LEVEL = "-O";
				SWIFT_VERSION = 6.0;
			};
			name = Release;
		};
		CC5ED1420A9A505D85320D71 /* Release */ = {
			isa = XCBuildConfiguration;
			buildSettings = {
				ASSETCATALOG_COMPILER_APPICON_NAME = AppIcon;
				CODE_SIGN_IDENTITY = "iPhone Developer";
				ENABLE_USER_SCRIPT_SANDBOXING = NO;
				GENERATE_INFOPLIST_FILE = NO;
				INFOPLIST_FILE = NmpPodcast/Info.plist;
				LD_RUNPATH_SEARCH_PATHS = (
					"$(inherited)",
					"@executable_path/Frameworks",
				);
				"LIBRARY_SEARCH_PATHS[sdk=iphoneos*]" = (
					"$(SRCROOT)/../../../../../target/aarch64-apple-ios/debug",
					"$(SRCROOT)/../../../../../target/aarch64-apple-ios/release",
				);
				"LIBRARY_SEARCH_PATHS[sdk=iphonesimulator*]" = (
					"$(SRCROOT)/../../../../../target/aarch64-apple-ios-sim/debug",
					"$(SRCROOT)/../../../../../target/aarch64-apple-ios-sim/release",
				);
				OTHER_LDFLAGS = "$(inherited) -lnmp_app_podcast -lnmp_signer_broker -lnmp_core";
				PRODUCT_BUNDLE_IDENTIFIER = com.podcast.app;
				PRODUCT_NAME = NmpPodcast;
				SDKROOT = iphoneos;
				SWIFT_OBJC_BRIDGING_HEADER = NmpPodcast/Bridge/NmpCore.h;
				TARGETED_DEVICE_FAMILY = "1,2";
			};
			name = Release;
		};
/* End XCBuildConfiguration section */

/* Begin XCConfigurationList section */
		2564E6C1C786B1683F353F32 /* Build configuration list for PBXProject "NmpPodcast" */ = {
			isa = XCConfigurationList;
			buildConfigurations = (
				1B3C66993E52DDBA5EAA50FE /* Debug */,
				69FE73FD562AADC7FA274EBC /* Release */,
			);
			defaultConfigurationIsVisible = 0;
			defaultConfigurationName = Debug;
		};
		74E52C4958B09135697C2C7E /* Build configuration list for PBXNativeTarget "NmpPodcast" */ = {
			isa = XCConfigurationList;
			buildConfigurations = (
				46A8DC34989908C8189905EB /* Debug */,
				CC5ED1420A9A505D85320D71 /* Release */,
			);
			defaultConfigurationIsVisible = 0;
			defaultConfigurationName = Debug;
		};
/* End XCConfigurationList section */
	};
	rootObject = 4BFBA84E60FDA3D4A4AC3CE6 /* Project object */;
}
